
Microsoft Visual Studio Solution File, Format Version 12.00
# Visual Studio Version 17
VisualStudioVersion = 17.9.34714.143
MinimumVisualStudioVersion = 10.0.40219.1
Project("{9A19103F-16F7-4668-BE54-9A1E7A4F7556}") = "ECommerce", "ECommerce\ECommerce.csproj", "{91A3673B-52A4-400B-8027-C0E969B7E172}"
EndProject
Project("{FAE04EC0-301F-11D3-BF4B-00C04F79EFBC}") = "Repository", "Repository\Repository.csproj", "{973425D9-7A37-4526-B56E-F6E8A2EADEDC}"
EndProject
Project("{FAE04EC0-301F-11D3-BF4B-00C04F79EFBC}") = "Service", "Service\Service.csproj", "{71017388-0243-4020-9E9C-8500A7D26CDE}"
EndProject
Global
	GlobalSection(SolutionConfigurationPlatforms) = preSolution
		Debug|Any CPU = Debug|Any CPU
		Release|Any CPU = Release|Any CPU
	EndGlobalSection
	GlobalSection(ProjectConfigurationPlatforms) = postSolution
		{91A3673B-52A4-400B-8027-C0E969B7E172}.Debug|Any CPU.ActiveCfg = Debug|Any CPU
		{91A3673B-52A4-400B-8027-C0E969B7E172}.Debug|Any CPU.Build.0 = Debug|Any CPU
		{91A3673B-52A4-400B-8027-C0E969B7E172}.Release|Any CPU.ActiveCfg = Release|Any CPU
		{91A3673B-52A4-400B-8027-C0E969B7E172}.Release|Any CPU.Build.0 = Release|Any CPU
		{973425D9-7A37-4526-B56E-F6E8A2EADEDC}.Debug|Any CPU.ActiveCfg = Debug|Any CPU
		{973425D9-7A37-4526-B56E-F6E8A2EADEDC}.Debug|Any CPU.Build.0 = Debug|Any CPU
		{973425D9-7A37-4526-B56E-F6E8A2EADEDC}.Release|Any CPU.ActiveCfg = Release|Any CPU
		{973425D9-7A37-4526-B56E-F6E8A2EADEDC}.Release|Any CPU.Build.0 = Release|Any CPU
		{71017388-0243-4020-9E9C-8500A7D26CDE}.Debug|Any CPU.ActiveCfg = Debug|Any CPU
		{71017388-0243-4020-9E9C-8500A7D26CDE}.Debug|Any CPU.Build.0 = Debug|Any CPU
		{71017388-0243-4020-9E9C-8500A7D26CDE}.Release|Any CPU.ActiveCfg = Release|Any CPU
		{71017388-0243-4020-9E9C-8500A7D26CDE}.Release|Any CPU.Build.0 = Release|Any CPU
	EndGlobalSection
	GlobalSection(SolutionProperties) = preSolution
		HideSolutionNode = FALSE
	EndGlobalSection
	GlobalSection(ExtensibilityGlobals) = postSolution
		SolutionGuid = {81C23252-C15D-49B3-A58A-9941A5FDB34B}
	EndGlobalSection
EndGlobal
